// !$*UTF8*$!
{
	archiveVersion = 1;
	classes = {
	};
	objectVersion = 46;
	objects = {

/* Begin PBXBuildFile section */
		759E4AB416849E8600423390 /* UIKit.framework in Frameworks */ = {isa = PBXBuildFile; fileRef = 759E4AB316849E8600423390 /* UIKit.framework */; };
		759E4AB616849E8600423390 /* Foundation.framework in Frameworks */ = {isa = PBXBuildFile; fileRef = 759E4AB516849E8600423390 /* Foundation.framework */; };
		759E4AB816849E8600423390 /* CoreGraphics.framework in Frameworks */ = {isa = PBXBuildFile; fileRef = 759E4AB716849E8600423390 /* CoreGraphics.framework */; };
		759E4ABE16849E8600423390 /* InfoPlist.strings in Resources */ = {isa = PBXBuildFile; fileRef = 759E4ABC16849E8600423390 /* InfoPlist.strings */; };
		759E4AC016849E8600423390 /* main.m in Sources */ = {isa = PBXBuildFile; fileRef = 759E4ABF16849E8600423390 /* main.m */; };
		759E4AC416849E8600423390 /* AppDelegate.m in Sources */ = {isa = PBXBuildFile; fileRef = 759E4AC316849E8600423390 /* AppDelegate.m */; };
		759E4AC616849E8600423390 /* Default.png in Resources */ = {isa = PBXBuildFile; fileRef = 759E4AC516849E8600423390 /* Default.png */; };
		759E4AC816849E8600423390 /* Default@2x.png in Resources */ = {isa = PBXBuildFile; fileRef = 759E4AC716849E8600423390 /* Default@2x.png */; };
		759E4ACA16849E8600423390 /* Default-568h@2x.png in Resources */ = {isa = PBXBuildFile; fileRef = 759E4AC916849E8600423390 /* Default-568h@2x.png */; };
		759E4ACD16849E8600423390 /* MainStoryboard_iPhone.storyboard in Resources */ = {isa = PBXBuildFile; fileRef = 759E4ACB16849E8600423390 /* MainStoryboard_iPhone.storyboard */; };
		759E4AD016849E8600423390 /* MainStoryboard_iPad.storyboard in Resources */ = {isa = PBXBuildFile; fileRef = 759E4ACE16849E8600423390 /* MainStoryboard_iPad.storyboard */; };
		759E4AD316849E8600423390 /* FirstViewController.m in Sources */ = {isa = PBXBuildFile; fileRef = 759E4AD216849E8600423390 /* FirstViewController.m */; };
		759E4AD516849E8600423390 /* first.png in Resources */ = {isa = PBXBuildFile; fileRef = 759E4AD416849E8600423390 /* first.png */; };
		759E4AD716849E8600423390 /* first@2x.png in Resources */ = {isa = PBXBuildFile; fileRef = 759E4AD616849E8600423390 /* first@2x.png */; };
		759E4ADA16849E8600423390 /* SecondViewController.m in Sources */ = {isa = PBXBuildFile; fileRef = 759E4AD916849E8600423390 /* SecondViewController.m */; };
		759E4ADC16849E8600423390 /* second.png in Resources */ = {isa = PBXBuildFile; fileRef = 759E4ADB16849E8600423390 /* second.png */; };
		759E4ADE16849E8600423390 /* second@2x.png in Resources */ = {isa = PBXBuildFile; fileRef = 759E4ADD16849E8600423390 /* second@2x.png */; };
		759E4AE616849E8600423390 /* SenTestingKit.framework in Frameworks */ = {isa = PBXBuildFile; fileRef = 759E4AE516849E8600423390 /* SenTestingKit.framework */; };
		759E4AE716849E8600423390 /* UIKit.framework in Frameworks */ = {isa = PBXBuildFile; fileRef = 759E4AB316849E8600423390 /* UIKit.framework */; };
		759E4AE816849E8600423390 /* Foundation.framework in Frameworks */ = {isa = PBXBuildFile; fileRef = 759E4AB516849E8600423390 /* Foundation.framework */; };
		759E4AF016849E8600423390 /* InfoPlist.strings in Resources */ = {isa = PBXBuildFile; fileRef = 759E4AEE16849E8600423390 /* InfoPlist.strings */; };
		759E4AF316849E8600423390 /* ProjetTests.m in Sources */ = {isa = PBXBuildFile; fileRef = 759E4AF216849E8600423390 /* ProjetTests.m */; };
/* End PBXBuildFile section */

/* Begin PBXContainerItemProxy section */
		759E4AE916849E8600423390 /* PBXContainerItemProxy */ = {
			isa = PBXContainerItemProxy;
			containerPortal = 759E4AA616849E8600423390 /* Project object */;
			proxyType = 1;
			remoteGlobalIDString = 759E4AAE16849E8600423390;
			remoteInfo = Projet;
		};
/* End PBXContainerItemProxy section */

/* Begin PBXFileReference section */
		759E4AAF16849E8600423390 /* Projet.app */ = {isa = PBXFileReference; explicitFileType = wrapper.application; includeInIndex = 0; path = Projet.app; sourceTree = BUILT_PRODUCTS_DIR; };
		759E4AB316849E8600423390 /* UIKit.framework */ = {isa = PBXFileReference; lastKnownFileType = wrapper.framework; name = UIKit.framework; path = System/Library/Frameworks/UIKit.framework; sourceTree = SDKROOT; };
		759E4AB516849E8600423390 /* Foundation.framework */ = {isa = PBXFileReference; lastKnownFileType = wrapper.framework; name = Foundation.framework; path = System/Library/Frameworks/Foundation.framework; sourceTree = SDKROOT; };
		759E4AB716849E8600423390 /* CoreGraphics.framework */ = {isa = PBXFileReference; lastKnownFileType = wrapper.framework; name = CoreGraphics.framework; path = System/Library/Frameworks/CoreGraphics.framework; sourceTree = SDKROOT; };
		759E4ABB16849E8600423390 /* Projet-Info.plist */ = {isa = PBXFileReference; lastKnownFileType = text.plist.xml; path = "Projet-Info.plist"; sourceTree = "<group>"; };
		759E4ABD16849E8600423390 /* en */ = {isa = PBXFileReference; lastKnownFileType = text.plist.strings; name = en; path = en.lproj/InfoPlist.strings; sourceTree = "<group>"; };
		759E4ABF16849E8600423390 /* main.m */ = {isa = PBXFileReference; lastKnownFileType = sourcecode.c.objc; path = main.m; sourceTree = "<group>"; };
		759E4AC116849E8600423390 /* Projet-Prefix.pch */ = {isa = PBXFileReference; lastKnownFileType = sourcecode.c.h; path = "Projet-Prefix.pch"; sourceTree = "<group>"; };
		759E4AC216849E8600423390 /* AppDelegate.h */ = {isa = PBXFileReference; lastKnownFileType = sourcecode.c.h; path = AppDelegate.h; sourceTree = "<group>"; };
		759E4AC316849E8600423390 /* AppDelegate.m */ = {isa = PBXFileReference; lastKnownFileType = sourcecode.c.objc; path = AppDelegate.m; sourceTree = "<group>"; };
		759E4AC516849E8600423390 /* Default.png */ = {isa = PBXFileReference; lastKnownFileType = image.png; path = Default.png; sourceTree = "<group>"; };
		759E4AC716849E8600423390 /* Default@2x.png */ = {isa = PBXFileReference; lastKnownFileType = image.png; path = "Default@2x.png"; sourceTree = "<group>"; };
		759E4AC916849E8600423390 /* Default-568h@2x.png */ = {isa = PBXFileReference; lastKnownFileType = image.png; path = "Default-568h@2x.png"; sourceTree = "<group>"; };
		759E4ACC16849E8600423390 /* en */ = {isa = PBXFileReference; lastKnownFileType = file.storyboard; name = en; path = en.lproj/MainStoryboard_iPhone.storyboard; sourceTree = "<group>"; };
		759E4ACF16849E8600423390 /* en */ = {isa = PBXFileReference; lastKnownFileType = file.storyboard; name = en; path = en.lproj/MainStoryboard_iPad.storyboard; sourceTree = "<group>"; };
		759E4AD116849E8600423390 /* FirstViewController.h */ = {isa = PBXFileReference; lastKnownFileType = sourcecode.c.h; path = FirstViewController.h; sourceTree = "<group>"; };
		759E4AD216849E8600423390 /* FirstViewController.m */ = {isa = PBXFileReference; lastKnownFileType = sourcecode.c.objc; path = FirstViewController.m; sourceTree = "<group>"; };
		759E4AD416849E8600423390 /* first.png */ = {isa = PBXFileReference; lastKnownFileType = image.png; path = first.png; sourceTree = "<group>"; };
		759E4AD616849E8600423390 /* first@2x.png */ = {isa = PBXFileReference; lastKnownFileType = image.png; path = "first@2x.png"; sourceTree = "<group>"; };
		759E4AD816849E8600423390 /* SecondViewController.h */ = {isa = PBXFileReference; lastKnownFileType = sourcecode.c.h; path = SecondViewController.h; sourceTree = "<group>"; };
		759E4AD916849E8600423390 /* SecondViewController.m */ = {isa = PBXFileReference; lastKnownFileType = sourcecode.c.objc; path = SecondViewController.m; sourceTree = "<group>"; };
		759E4ADB16849E8600423390 /* second.png */ = {isa = PBXFileReference; lastKnownFileType = image.png; path = second.png; sourceTree = "<group>"; };
		759E4ADD16849E8600423390 /* second@2x.png */ = {isa = PBXFileReference; lastKnownFileType = image.png; path = "second@2x.png"; sourceTree = "<group>"; };
		759E4AE416849E8600423390 /* ProjetTests.octest */ = {isa = PBXFileReference; explicitFileType = wrapper.cfbundle; includeInIndex = 0; path = ProjetTests.octest; sourceTree = BUILT_PRODUCTS_DIR; };
		759E4AE516849E8600423390 /* SenTestingKit.framework */ = {isa = PBXFileReference; lastKnownFileType = wrapper.framework; name = SenTestingKit.framework; path = Library/Frameworks/SenTestingKit.framework; sourceTree = DEVELOPER_DIR; };
		759E4AED16849E8600423390 /* ProjetTests-Info.plist */ = {isa = PBXFileReference; lastKnownFileType = text.plist.xml; path = "ProjetTests-Info.plist"; sourceTree = "<group>"; };
		759E4AEF16849E8600423390 /* en */ = {isa = PBXFileReference; lastKnownFileType = text.plist.strings; name = en; path = en.lproj/InfoPlist.strings; sourceTree = "<group>"; };
		759E4AF116849E8600423390 /* ProjetTests.h */ = {isa = PBXFileReference; lastKnownFileType = sourcecode.c.h; path = ProjetTests.h; sourceTree = "<group>"; };
		759E4AF216849E8600423390 /* ProjetTests.m */ = {isa = PBXFileReference; lastKnownFileType = sourcecode.c.objc; path = ProjetTests.m; sourceTree = "<group>"; };
/* End PBXFileReference section */

/* Begin PBXFrameworksBuildPhase section */
		759E4AAC16849E8600423390 /* Frameworks */ = {
			isa = PBXFrameworksBuildPhase;
			buildActionMask = 2147483647;
			files = (
				759E4AB416849E8600423390 /* UIKit.framework in Frameworks */,
				759E4AB616849E8600423390 /* Foundation.framework in Frameworks */,
				759E4AB816849E8600423390 /* CoreGraphics.framework in Frameworks */,
			);
			runOnlyForDeploymentPostprocessing = 0;
		};
		759E4AE016849E8600423390 /* Frameworks */ = {
			isa = PBXFrameworksBuildPhase;
			buildActionMask = 2147483647;
			files = (
				759E4AE616849E8600423390 /* SenTestingKit.framework in Frameworks */,
				759E4AE716849E8600423390 /* UIKit.framework in Frameworks */,
				759E4AE816849E8600423390 /* Foundation.framework in Frameworks */,
			);
			runOnlyForDeploymentPostprocessing = 0;
		};
/* End PBXFrameworksBuildPhase section */

/* Begin PBXGroup section */
		759E4AA416849E8600423390 = {
			isa = PBXGroup;
			children = (
				759E4AB916849E8600423390 /* Projet */,
				759E4AEB16849E8600423390 /* ProjetTests */,
				759E4AB216849E8600423390 /* Frameworks */,
				759E4AB016849E8600423390 /* Products */,
			);
			sourceTree = "<group>";
		};
		759E4AB016849E8600423390 /* Products */ = {
			isa = PBXGroup;
			children = (
				759E4AAF16849E8600423390 /* Projet.app */,
				759E4AE416849E8600423390 /* ProjetTests.octest */,
			);
			name = Products;
			sourceTree = "<group>";
		};
		759E4AB216849E8600423390 /* Frameworks */ = {
			isa = PBXGroup;
			children = (
				759E4AB316849E8600423390 /* UIKit.framework */,
				759E4AB516849E8600423390 /* Foundation.framework */,
				759E4AB716849E8600423390 /* CoreGraphics.framework */,
				759E4AE516849E8600423390 /* SenTestingKit.framework */,
			);
			name = Frameworks;
			sourceTree = "<group>";
		};
		759E4AB916849E8600423390 /* Projet */ = {
			isa = PBXGroup;
			children = (
				759E4AC216849E8600423390 /* AppDelegate.h */,
				759E4AC316849E8600423390 /* AppDelegate.m */,
				759E4ACB16849E8600423390 /* MainStoryboard_iPhone.storyboard */,
				759E4ACE16849E8600423390 /* MainStoryboard_iPad.storyboard */,
				759E4AD116849E8600423390 /* FirstViewController.h */,
				759E4AD216849E8600423390 /* FirstViewController.m */,
				759E4AD416849E8600423390 /* first.png */,
				759E4AD616849E8600423390 /* first@2x.png */,
				759E4AD816849E8600423390 /* SecondViewController.h */,
				759E4AD916849E8600423390 /* SecondViewController.m */,
				759E4ADB16849E8600423390 /* second.png */,
				759E4ADD16849E8600423390 /* second@2x.png */,
				759E4ABA16849E8600423390 /* Supporting Files */,
			);
			path = Projet;
			sourceTree = "<group>";
		};
		759E4ABA16849E8600423390 /* Supporting Files */ = {
			isa = PBXGroup;
			children = (
				759E4ABB16849E8600423390 /* Projet-Info.plist */,
				759E4ABC16849E8600423390 /* InfoPlist.strings */,
				759E4ABF16849E8600423390 /* main.m */,
				759E4AC116849E8600423390 /* Projet-Prefix.pch */,
				759E4AC516849E8600423390 /* Default.png */,
				759E4AC716849E8600423390 /* Default@2x.png */,
				759E4AC916849E8600423390 /* Default-568h@2x.png */,
			);
			name = "Supporting Files";
			sourceTree = "<group>";
		};
		759E4AEB16849E8600423390 /* ProjetTests */ = {
			isa = PBXGroup;
			children = (
				759E4AF116849E8600423390 /* ProjetTests.h */,
				759E4AF216849E8600423390 /* ProjetTests.m */,
				759E4AEC16849E8600423390 /* Supporting Files */,
			);
			path = ProjetTests;
			sourceTree = "<group>";
		};
		759E4AEC16849E8600423390 /* Supporting Files */ = {
			isa = PBXGroup;
			children = (
				759E4AED16849E8600423390 /* ProjetTests-Info.plist */,
				759E4AEE16849E8600423390 /* InfoPlist.strings */,
			);
			name = "Supporting Files";
			sourceTree = "<group>";
		};
/* End PBXGroup section */

/* Begin PBXNativeTarget section */
		759E4AAE16849E8600423390 /* Projet */ = {
			isa = PBXNativeTarget;
			buildConfigurationList = 759E4AF616849E8600423390 /* Build configuration list for PBXNativeTarget "Projet" */;
			buildPhases = (
				759E4AAB16849E8600423390 /* Sources */,
				759E4AAC16849E8600423390 /* Frameworks */,
				759E4AAD16849E8600423390 /* Resources */,
			);
			buildRules = (
			);
			dependencies = (
			);
			name = Projet;
			productName = Projet;
			productReference = 759E4AAF16849E8600423390 /* Projet.app */;
			productType = "com.apple.product-type.application";
		};
		759E4AE316849E8600423390 /* ProjetTests */ = {
			isa = PBXNativeTarget;
			buildConfigurationList = 759E4AF916849E8600423390 /* Build configuration list for PBXNativeTarget "ProjetTests" */;
			buildPhases = (
				759E4ADF16849E8600423390 /* Sources */,
				759E4AE016849E8600423390 /* Frameworks */,
				759E4AE116849E8600423390 /* Resources */,
				759E4AE216849E8600423390 /* ShellScript */,
			);
			buildRules = (
			);
			dependencies = (
				759E4AEA16849E8600423390 /* PBXTargetDependency */,
			);
			name = ProjetTests;
			productName = ProjetTests;
			productReference = 759E4AE416849E8600423390 /* ProjetTests.octest */;
			productType = "com.apple.product-type.bundle";
		};
/* End PBXNativeTarget section */

/* Begin PBXProject section */
		759E4AA616849E8600423390 /* Project object */ = {
			isa = PBXProject;
			attributes = {
				LastUpgradeCheck = 0450;
				ORGANIZATIONNAME = marcelin;
			};
			buildConfigurationList = 759E4AA916849E8600423390 /* Build configuration list for PBXProject "Projet" */;
			compatibilityVersion = "Xcode 3.2";
			developmentRegion = English;
			hasScannedForEncodings = 0;
			knownRegions = (
				en,
			);
			mainGroup = 759E4AA416849E8600423390;
			productRefGroup = 759E4AB016849E8600423390 /* Products */;
			projectDirPath = "";
			projectRoot = "";
			targets = (
				759E4AAE16849E8600423390 /* Projet */,
				759E4AE316849E8600423390 /* ProjetTests */,
			);
		};
/* End PBXProject section */

/* Begin PBXResourcesBuildPhase section */
		759E4AAD16849E8600423390 /* Resources */ = {
			isa = PBXResourcesBuildPhase;
			buildActionMask = 2147483647;
			files = (
				759E4ABE16849E8600423390 /* InfoPlist.strings in Resources */,
				759E4AC616849E8600423390 /* Default.png in Resources */,
				759E4AC816849E8600423390 /* Default@2x.png in Resources */,
				759E4ACA16849E8600423390 /* Default-568h@2x.png in Resources */,
				759E4ACD16849E8600423390 /* MainStoryboard_iPhone.storyboard in Resources */,
				759E4AD016849E8600423390 /* MainStoryboard_iPad.storyboard in Resources */,
				759E4AD516849E8600423390 /* first.png in Resources */,
				759E4AD716849E8600423390 /* first@2x.png in Resources */,
				759E4ADC16849E8600423390 /* second.png in Resources */,
				759E4ADE16849E8600423390 /* second@2x.png in Resources */,
			);
			runOnlyForDeploymentPostprocessing = 0;
		};
		759E4AE116849E8600423390 /* Resources */ = {
			isa = PBXResourcesBuildPhase;
			buildActionMask = 2147483647;
			files = (
				759E4AF016849E8600423390 /* InfoPlist.strings in Resources */,
			);
			runOnlyForDeploymentPostprocessing = 0;
		};
/* End PBXResourcesBuildPhase section */

/* Begin PBXShellScriptBuildPhase section */
		759E4AE216849E8600423390 /* ShellScript */ = {
			isa = PBXShellScriptBuildPhase;
			buildActionMask = 2147483647;
			files = (
			);
			inputPaths = (
			);
			outputPaths = (
			);
			runOnlyForDeploymentPostprocessing = 0;
			shellPath = /bin/sh;
			shellScript = "# Run the unit tests in this test bundle.\n\"${SYSTEM_DEVELOPER_DIR}/Tools/RunUnitTests\"\n";
		};
/* End PBXShellScriptBuildPhase section */

/* Begin PBXSourcesBuildPhase section */
		759E4AAB16849E8600423390 /* Sources */ = {
			isa = PBXSourcesBuildPhase;
			buildActionMask = 2147483647;
			files = (
				759E4AC016849E8600423390 /* main.m in Sources */,
				759E4AC416849E8600423390 /* AppDelegate.m in Sources */,
				759E4AD316849E8600423390 /* FirstViewController.m in Sources */,
				759E4ADA16849E8600423390 /* SecondViewController.m in Sources */,
			);
			runOnlyForDeploymentPostprocessing = 0;
		};
		759E4ADF16849E8600423390 /* Sources */ = {
			isa = PBXSourcesBuildPhase;
			buildActionMask = 2147483647;
			files = (
				759E4AF316849E8600423390 /* ProjetTests.m in Sources */,
			);
			runOnlyForDeploymentPostprocessing = 0;
		};
/* End PBXSourcesBuildPhase section */

/* Begin PBXTargetDependency section */
		759E4AEA16849E8600423390 /* PBXTargetDependency */ = {
			isa = PBXTargetDependency;
			target = 759E4AAE16849E8600423390 /* Projet */;
			targetProxy = 759E4AE916849E8600423390 /* PBXContainerItemProxy */;
		};
/* End PBXTargetDependency section */

/* Begin PBXVariantGroup section */
		759E4ABC16849E8600423390 /* InfoPlist.strings */ = {
			isa = PBXVariantGroup;
			children = (
				759E4ABD16849E8600423390 /* en */,
			);
			name = InfoPlist.strings;
			sourceTree = "<group>";
		};
		759E4ACB16849E8600423390 /* MainStoryboard_iPhone.storyboard */ = {
			isa = PBXVariantGroup;
			children = (
				759E4ACC16849E8600423390 /* en */,
			);
			name = MainStoryboard_iPhone.storyboard;
			sourceTree = "<group>";
		};
		759E4ACE16849E8600423390 /* MainStoryboard_iPad.storyboard */ = {
			isa = PBXVariantGroup;
			children = (
				759E4ACF16849E8600423390 /* en */,
			);
			name = MainStoryboard_iPad.storyboard;
			sourceTree = "<group>";
		};
		759E4AEE16849E8600423390 /* InfoPlist.strings */ = {
			isa = PBXVariantGroup;
			children = (
				759E4AEF16849E8600423390 /* en */,
			);
			name = InfoPlist.strings;
			sourceTree = "<group>";
		};
/* End PBXVariantGroup section */

/* Begin XCBuildConfiguration section */
		759E4AF416849E8600423390 /* Debug */ = {
			isa = XCBuildConfiguration;
			buildSettings = {
				ALWAYS_SEARCH_USER_PATHS = NO;
				CLANG_CXX_LANGUAGE_STANDARD = "gnu++0x";
				CLANG_CXX_LIBRARY = "libc++";
				CLANG_ENABLE_OBJC_ARC = YES;
				CLANG_WARN_EMPTY_BODY = YES;
				CLANG_WARN__DUPLICATE_METHOD_MATCH = YES;
				"CODE_SIGN_IDENTITY[sdk=iphoneos*]" = "iPhone Developer";
				COPY_PHASE_STRIP = NO;
				GCC_C_LANGUAGE_STANDARD = gnu99;
				GCC_DYNAMIC_NO_PIC = NO;
				GCC_OPTIMIZATION_LEVEL = 0;
				GCC_PREPROCESSOR_DEFINITIONS = (
					"DEBUG=1",
					"$(inherited)",
				);
				GCC_SYMBOLS_PRIVATE_EXTERN = NO;
				GCC_WARN_ABOUT_RETURN_TYPE = YES;
				GCC_WARN_UNINITIALIZED_AUTOS = YES;
				GCC_WARN_UNUSED_VARIABLE = YES;
				IPHONEOS_DEPLOYMENT_TARGET = 6.0;
				ONLY_ACTIVE_ARCH = YES;
				SDKROOT = iphoneos;
				TARGETED_DEVICE_FAMILY = "1,2";
			};
			name = Debug;
		};
		759E4AF516849E8600423390 /* Release */ = {
			isa = XCBuildConfiguration;
			buildSettings = {
				ALWAYS_SEARCH_USER_PATHS = NO;
				CLANG_CXX_LANGUAGE_STANDARD = "gnu++0x";
				CLANG_CXX_LIBRARY = "libc++";
				CLANG_ENABLE_OBJC_ARC = YES;
				CLANG_WARN_EMPTY_BODY = YES;
				CLANG_WARN__DUPLICATE_METHOD_MATCH = YES;
				"CODE_SIGN_IDENTITY[sdk=iphoneos*]" = "iPhone Developer";
				COPY_PHASE_STRIP = YES;
				GCC_C_LANGUAGE_STANDARD = gnu99;
				GCC_WARN_ABOUT_RETURN_TYPE = YES;
				GCC_WARN_UNINITIALIZED_AUTOS = YES;
				GCC_WARN_UNUSED_VARIABLE = YES;
				IPHONEOS_DEPLOYMENT_TARGET = 6.0;
				OTHER_CFLAGS = "-DNS_BLOCK_ASSERTIONS=1";
				SDKROOT = iphoneos;
				TARGETED_DEVICE_FAMILY = "1,2";
				VALIDATE_PRODUCT = YES;
			};
			name = Release;
		};
		759E4AF716849E8600423390 /* Debug */ = {
			isa = XCBuildConfiguration;
			buildSettings = {
				GCC_PRECOMPILE_PREFIX_HEADER = YES;
				GCC_PREFIX_HEADER = "Projet/Projet-Prefix.pch";
				INFOPLIST_FILE = "Projet/Projet-Info.plist";
				PRODUCT_NAME = "$(TARGET_NAME)";
				WRAPPER_EXTENSION = app;
			};
			name = Debug;
		};
		759E4AF816849E8600423390 /* Release */ = {
			isa = XCBuildConfiguration;
			buildSettings = {
				GCC_PRECOMPILE_PREFIX_HEADER = YES;
				GCC_PREFIX_HEADER = "Projet/Projet-Prefix.pch";
				INFOPLIST_FILE = "Projet/Projet-Info.plist";
				PRODUCT_NAME = "$(TARGET_NAME)";
				WRAPPER_EXTENSION = app;
			};
			name = Release;
		};
		759E4AFA16849E8600423390 /* Debug */ = {
			isa = XCBuildConfiguration;
			buildSettings = {
				BUNDLE_LOADER = "$(BUILT_PRODUCTS_DIR)/Projet.app/Projet";
				FRAMEWORK_SEARCH_PATHS = (
					"\"$(SDKROOT)/Developer/Library/Frameworks\"",
					"\"$(DEVELOPER_LIBRARY_DIR)/Frameworks\"",
				);
				GCC_PRECOMPILE_PREFIX_HEADER = YES;
				GCC_PREFIX_HEADER = "Projet/Projet-Prefix.pch";
				INFOPLIST_FILE = "ProjetTests/ProjetTests-Info.plist";
				PRODUCT_NAME = "$(TARGET_NAME)";
				TEST_HOST = "$(BUNDLE_LOADER)";
				WRAPPER_EXTENSION = octest;
			};
			name = Debug;
		};
		759E4AFB16849E8600423390 /* Release */ = {
			isa = XCBuildConfiguration;
			buildSettings = {
				BUNDLE_LOADER = "$(BUILT_PRODUCTS_DIR)/Projet.app/Projet";
				FRAMEWORK_SEARCH_PATHS = (
					"\"$(SDKROOT)/Developer/Library/Frameworks\"",
					"\"$(DEVELOPER_LIBRARY_DIR)/Frameworks\"",
				);
				GCC_PRECOMPILE_PREFIX_HEADER = YES;
				GCC_PREFIX_HEADER = "Projet/Projet-Prefix.pch";
				INFOPLIST_FILE = "ProjetTests/ProjetTests-Info.plist";
				PRODUCT_NAME = "$(TARGET_NAME)";
				TEST_HOST = "$(BUNDLE_LOADER)";
				WRAPPER_EXTENSION = octest;
			};
			name = Release;
		};
/* End XCBuildConfiguration section */

/* Begin XCConfigurationList section */
		759E4AA916849E8600423390 /* Build configuration list for PBXProject "Projet" */ = {
			isa = XCConfigurationList;
			buildConfigurations = (
				759E4AF416849E8600423390 /* Debug */,
				759E4AF516849E8600423390 /* Release */,
			);
			defaultConfigurationIsVisible = 0;
			defaultConfigurationName = Release;
		};
		759E4AF616849E8600423390 /* Build configuration list for PBXNativeTarget "Projet" */ = {
			isa = XCConfigurationList;
			buildConfigurations = (
				759E4AF716849E8600423390 /* Debug */,
				759E4AF816849E8600423390 /* Release */,
			);
			defaultConfigurationIsVisible = 0;
		};
		759E4AF916849E8600423390 /* Build configuration list for PBXNativeTarget "ProjetTests" */ = {
			isa = XCConfigurationList;
			buildConfigurations = (
				759E4AFA16849E8600423390 /* Debug */,
				759E4AFB16849E8600423390 /* Release */,
			);
			defaultConfigurationIsVisible = 0;
		};
/* End XCConfigurationList section */
	};
	rootObject = 759E4AA616849E8600423390 /* Project object */;
}
